// !$*UTF8*$!
{
	archiveVersion = 1;
	classes = {
	};
	objectVersion = 50;
	objects = {

/* Begin PBXBuildFile section */
		2DDC8A4D698D28B8E3F1C532 /* Pods_Parstagram.framework in Frameworks */ = {isa = PBXBuildFile; fileRef = A6145ECA55D9291629A39C3A /* Pods_Parstagram.framework */; };
		4412B45EFCF90B76189A8BF1 /* Pods_ParstagramTests.framework in Frameworks */ = {isa = PBXBuildFile; fileRef = 5B45AA6F42D33224AB200845 /* Pods_ParstagramTests.framework */; };
		596C8BDC990B57716A2B5CB1 /* Pods_ParstagramUITests.framework in Frameworks */ = {isa = PBXBuildFile; fileRef = 092826249A1985DBC61CF651 /* Pods_ParstagramUITests.framework */; };
		A86AC0B2223342D800B55D8C /* AppDelegate.swift in Sources */ = {isa = PBXBuildFile; fileRef = A86AC0B1223342D800B55D8C /* AppDelegate.swift */; };
		A86AC0B7223342D800B55D8C /* Main.storyboard in Resources */ = {isa = PBXBuildFile; fileRef = A86AC0B5223342D800B55D8C /* Main.storyboard */; };
		A86AC0B9223342D800B55D8C /* Assets.xcassets in Resources */ = {isa = PBXBuildFile; fileRef = A86AC0B8223342D800B55D8C /* Assets.xcassets */; };
		A86AC0BC223342D800B55D8C /* LaunchScreen.storyboard in Resources */ = {isa = PBXBuildFile; fileRef = A86AC0BA223342D800B55D8C /* LaunchScreen.storyboard */; };
		A86AC0C7223342D800B55D8C /* ParstagramTests.swift in Sources */ = {isa = PBXBuildFile; fileRef = A86AC0C6223342D800B55D8C /* ParstagramTests.swift */; };
		A86AC0D2223342D800B55D8C /* ParstagramUITests.swift in Sources */ = {isa = PBXBuildFile; fileRef = A86AC0D1223342D800B55D8C /* ParstagramUITests.swift */; };
		A8F86D642233702B00DF5AC2 /* LoginViewController.swift in Sources */ = {isa = PBXBuildFile; fileRef = A8F86D632233702B00DF5AC2 /* LoginViewController.swift */; };
		A8F86D662233704A00DF5AC2 /* FeedViewController.swift in Sources */ = {isa = PBXBuildFile; fileRef = A8F86D652233704A00DF5AC2 /* FeedViewController.swift */; };
		A8F86D6822347E6E00DF5AC2 /* CameraViewController.swift in Sources */ = {isa = PBXBuildFile; fileRef = A8F86D6722347E6E00DF5AC2 /* CameraViewController.swift */; };
		A8F86D6A22348D3200DF5AC2 /* PostCell.swift in Sources */ = {isa = PBXBuildFile; fileRef = A8F86D6922348D3200DF5AC2 /* PostCell.swift */; };
/* End PBXBuildFile section */

/* Begin PBXContainerItemProxy section */
		A86AC0C3223342D800B55D8C /* PBXContainerItemProxy */ = {
			isa = PBXContainerItemProxy;
			containerPortal = A86AC0A6223342D800B55D8C /* Project object */;
			proxyType = 1;
			remoteGlobalIDString = A86AC0AD223342D800B55D8C;
			remoteInfo = Parstagram;
		};
		A86AC0CE223342D800B55D8C /* PBXContainerItemProxy */ = {
			isa = PBXContainerItemProxy;
			containerPortal = A86AC0A6223342D800B55D8C /* Project object */;
			proxyType = 1;
			remoteGlobalIDString = A86AC0AD223342D800B55D8C;
			remoteInfo = Parstagram;
		};
/* End PBXContainerItemProxy section */

/* Begin PBXFileReference section */
		092826249A1985DBC61CF651 /* Pods_ParstagramUITests.framework */ = {isa = PBXFileReference; explicitFileType = wrapper.framework; includeInIndex = 0; path = Pods_ParstagramUITests.framework; sourceTree = BUILT_PRODUCTS_DIR; };
		274940EE81FD9BEEA9113201 /* Pods-Parstagram.release.xcconfig */ = {isa = PBXFileReference; includeInIndex = 1; lastKnownFileType = text.xcconfig; name = "Pods-Parstagram.release.xcconfig"; path = "Pods/Target Support Files/Pods-Parstagram/Pods-Parstagram.release.xcconfig"; sourceTree = "<group>"; };
		550770FA8B4164BD98D59415 /* Pods-ParstagramTests.debug.xcconfig */ = {isa = PBXFileReference; includeInIndex = 1; lastKnownFileType = text.xcconfig; name = "Pods-ParstagramTests.debug.xcconfig"; path = "Pods/Target Support Files/Pods-ParstagramTests/Pods-ParstagramTests.debug.xcconfig"; sourceTree = "<group>"; };
		5B45AA6F42D33224AB200845 /* Pods_ParstagramTests.framework */ = {isa = PBXFileReference; explicitFileType = wrapper.framework; includeInIndex = 0; path = Pods_ParstagramTests.framework; sourceTree = BUILT_PRODUCTS_DIR; };
		A6145ECA55D9291629A39C3A /* Pods_Parstagram.framework */ = {isa = PBXFileReference; explicitFileType = wrapper.framework; includeInIndex = 0; path = Pods_Parstagram.framework; sourceTree = BUILT_PRODUCTS_DIR; };
		A7ED517E58D73978C25FC121 /* Pods-ParstagramUITests.debug.xcconfig */ = {isa = PBXFileReference; includeInIndex = 1; lastKnownFileType = text.xcconfig; name = "Pods-ParstagramUITests.debug.xcconfig"; path = "Pods/Target Support Files/Pods-ParstagramUITests/Pods-ParstagramUITests.debug.xcconfig"; sourceTree = "<group>"; };
		A86AC0AE223342D800B55D8C /* Parstagram.app */ = {isa = PBXFileReference; explicitFileType = wrapper.application; includeInIndex = 0; path = Parstagram.app; sourceTree = BUILT_PRODUCTS_DIR; };
		A86AC0B1223342D800B55D8C /* AppDelegate.swift */ = {isa = PBXFileReference; lastKnownFileType = sourcecode.swift; path = AppDelegate.swift; sourceTree = "<group>"; };
		A86AC0B6223342D800B55D8C /* Base */ = {isa = PBXFileReference; lastKnownFileType = file.storyboard; name = Base; path = Base.lproj/Main.storyboard; sourceTree = "<group>"; };
		A86AC0B8223342D800B55D8C /* Assets.xcassets */ = {isa = PBXFileReference; lastKnownFileType = folder.assetcatalog; path = Assets.xcassets; sourceTree = "<group>"; };
		A86AC0BB223342D800B55D8C /* Base */ = {isa = PBXFileReference; lastKnownFileType = file.storyboard; name = Base; path = Base.lproj/LaunchScreen.storyboard; sourceTree = "<group>"; };
		A86AC0BD223342D800B55D8C /* Info.plist */ = {isa = PBXFileReference; lastKnownFileType = text.plist.xml; path = Info.plist; sourceTree = "<group>"; };
		A86AC0C2223342D800B55D8C /* ParstagramTests.xctest */ = {isa = PBXFileReference; explicitFileType = wrapper.cfbundle; includeInIndex = 0; path = ParstagramTests.xctest; sourceTree = BUILT_PRODUCTS_DIR; };
		A86AC0C6223342D800B55D8C /* ParstagramTests.swift */ = {isa = PBXFileReference; lastKnownFileType = sourcecode.swift; path = ParstagramTests.swift; sourceTree = "<group>"; };
		A86AC0C8223342D800B55D8C /* Info.plist */ = {isa = PBXFileReference; lastKnownFileType = text.plist.xml; path = Info.plist; sourceTree = "<group>"; };
		A86AC0CD223342D800B55D8C /* ParstagramUITests.xctest */ = {isa = PBXFileReference; explicitFileType = wrapper.cfbundle; includeInIndex = 0; path = ParstagramUITests.xctest; sourceTree = BUILT_PRODUCTS_DIR; };
		A86AC0D1223342D800B55D8C /* ParstagramUITests.swift */ = {isa = PBXFileReference; lastKnownFileType = sourcecode.swift; path = ParstagramUITests.swift; sourceTree = "<group>"; };
		A86AC0D3223342D800B55D8C /* Info.plist */ = {isa = PBXFileReference; lastKnownFileType = text.plist.xml; path = Info.plist; sourceTree = "<group>"; };
		A8F86D632233702B00DF5AC2 /* LoginViewController.swift */ = {isa = PBXFileReference; lastKnownFileType = sourcecode.swift; path = LoginViewController.swift; sourceTree = "<group>"; };
		A8F86D652233704A00DF5AC2 /* FeedViewController.swift */ = {isa = PBXFileReference; lastKnownFileType = sourcecode.swift; path = FeedViewController.swift; sourceTree = "<group>"; };
		A8F86D6722347E6E00DF5AC2 /* CameraViewController.swift */ = {isa = PBXFileReference; lastKnownFileType = sourcecode.swift; path = CameraViewController.swift; sourceTree = "<group>"; };
		A8F86D6922348D3200DF5AC2 /* PostCell.swift */ = {isa = PBXFileReference; lastKnownFileType = sourcecode.swift; path = PostCell.swift; sourceTree = "<group>"; };
		C2D67C2553C6C31A082EEC4E /* Pods-Parstagram.debug.xcconfig */ = {isa = PBXFileReference; includeInIndex = 1; lastKnownFileType = text.xcconfig; name = "Pods-Parstagram.debug.xcconfig"; path = "Pods/Target Support Files/Pods-Parstagram/Pods-Parstagram.debug.xcconfig"; sourceTree = "<group>"; };
		E4C0797E3394348B9EB63479 /* Pods-ParstagramTests.release.xcconfig */ = {isa = PBXFileReference; includeInIndex = 1; lastKnownFileType = text.xcconfig; name = "Pods-ParstagramTests.release.xcconfig"; path = "Pods/Target Support Files/Pods-ParstagramTests/Pods-ParstagramTests.release.xcconfig"; sourceTree = "<group>"; };
		EEB52F84C3BAA0B806BABD1C /* Pods-ParstagramUITests.release.xcconfig */ = {isa = PBXFileReference; includeInIndex = 1; lastKnownFileType = text.xcconfig; name = "Pods-ParstagramUITests.release.xcconfig"; path = "Pods/Target Support Files/Pods-ParstagramUITests/Pods-ParstagramUITests.release.xcconfig"; sourceTree = "<group>"; };
/* End PBXFileReference section */

/* Begin PBXFrameworksBuildPhase section */
		A86AC0AB223342D800B55D8C /* Frameworks */ = {
			isa = PBXFrameworksBuildPhase;
			buildActionMask = 2147483647;
			files = (
				2DDC8A4D698D28B8E3F1C532 /* Pods_Parstagram.framework in Frameworks */,
			);
			runOnlyForDeploymentPostprocessing = 0;
		};
		A86AC0BF223342D800B55D8C /* Frameworks */ = {
			isa = PBXFrameworksBuildPhase;
			buildActionMask = 2147483647;
			files = (
				4412B45EFCF90B76189A8BF1 /* Pods_ParstagramTests.framework in Frameworks */,
			);
			runOnlyForDeploymentPostprocessing = 0;
		};
		A86AC0CA223342D800B55D8C /* Frameworks */ = {
			isa = PBXFrameworksBuildPhase;
			buildActionMask = 2147483647;
			files = (
				596C8BDC990B57716A2B5CB1 /* Pods_ParstagramUITests.framework in Frameworks */,
			);
			runOnlyForDeploymentPostprocessing = 0;
		};
/* End PBXFrameworksBuildPhase section */

/* Begin PBXGroup section */
		52E72BB4CA2EC09418B170F7 /* Pods */ = {
			isa = PBXGroup;
			children = (
				C2D67C2553C6C31A082EEC4E /* Pods-Parstagram.debug.xcconfig */,
				274940EE81FD9BEEA9113201 /* Pods-Parstagram.release.xcconfig */,
				550770FA8B4164BD98D59415 /* Pods-ParstagramTests.debug.xcconfig */,
				E4C0797E3394348B9EB63479 /* Pods-ParstagramTests.release.xcconfig */,
				A7ED517E58D73978C25FC121 /* Pods-ParstagramUITests.debug.xcconfig */,
				EEB52F84C3BAA0B806BABD1C /* Pods-ParstagramUITests.release.xcconfig */,
			);
			name = Pods;
			sourceTree = "<group>";
		};
		A86AC0A5223342D800B55D8C = {
			isa = PBXGroup;
			children = (
				A86AC0B0223342D800B55D8C /* Parstagram */,
				A86AC0C5223342D800B55D8C /* ParstagramTests */,
				A86AC0D0223342D800B55D8C /* ParstagramUITests */,
				A86AC0AF223342D800B55D8C /* Products */,
				52E72BB4CA2EC09418B170F7 /* Pods */,
				F684CA96B242A2E066A49018 /* Frameworks */,
			);
			sourceTree = "<group>";
		};
		A86AC0AF223342D800B55D8C /* Products */ = {
			isa = PBXGroup;
			children = (
				A86AC0AE223342D800B55D8C /* Parstagram.app */,
				A86AC0C2223342D800B55D8C /* ParstagramTests.xctest */,
				A86AC0CD223342D800B55D8C /* ParstagramUITests.xctest */,
			);
			name = Products;
			sourceTree = "<group>";
		};
		A86AC0B0223342D800B55D8C /* Parstagram */ = {
			isa = PBXGroup;
			children = (
				A86AC0B1223342D800B55D8C /* AppDelegate.swift */,
				A86AC0B5223342D800B55D8C /* Main.storyboard */,
				A86AC0B8223342D800B55D8C /* Assets.xcassets */,
				A86AC0BA223342D800B55D8C /* LaunchScreen.storyboard */,
				A86AC0BD223342D800B55D8C /* Info.plist */,
				A8F86D652233704A00DF5AC2 /* FeedViewController.swift */,
				A8F86D632233702B00DF5AC2 /* LoginViewController.swift */,
				A8F86D6722347E6E00DF5AC2 /* CameraViewController.swift */,
				A8F86D6922348D3200DF5AC2 /* PostCell.swift */,
			);
			path = Parstagram;
			sourceTree = "<group>";
		};
		A86AC0C5223342D800B55D8C /* ParstagramTests */ = {
			isa = PBXGroup;
			children = (
				A86AC0C6223342D800B55D8C /* ParstagramTests.swift */,
				A86AC0C8223342D800B55D8C /* Info.plist */,
			);
			path = ParstagramTests;
			sourceTree = "<group>";
		};
		A86AC0D0223342D800B55D8C /* ParstagramUITests */ = {
			isa = PBXGroup;
			children = (
				A86AC0D1223342D800B55D8C /* ParstagramUITests.swift */,
				A86AC0D3223342D800B55D8C /* Info.plist */,
			);
			path = ParstagramUITests;
			sourceTree = "<group>";
		};
		F684CA96B242A2E066A49018 /* Frameworks */ = {
			isa = PBXGroup;
			children = (
				A6145ECA55D9291629A39C3A /* Pods_Parstagram.framework */,
				5B45AA6F42D33224AB200845 /* Pods_ParstagramTests.framework */,
				092826249A1985DBC61CF651 /* Pods_ParstagramUITests.framework */,
			);
			name = Frameworks;
			sourceTree = "<group>";
		};
/* End PBXGroup section */

/* Begin PBXNativeTarget section */
		A86AC0AD223342D800B55D8C /* Parstagram */ = {
			isa = PBXNativeTarget;
			buildConfigurationList = A86AC0D6223342D800B55D8C /* Build configuration list for PBXNativeTarget "Parstagram" */;
			buildPhases = (
				FE0938AFD49E7F579F741978 /* [CP] Check Pods Manifest.lock */,
				A86AC0AA223342D800B55D8C /* Sources */,
				A86AC0AB223342D800B55D8C /* Frameworks */,
				A86AC0AC223342D800B55D8C /* Resources */,
				478FDE554F0F1E80D7BF865E /* [CP] Embed Pods Frameworks */,
			);
			buildRules = (
			);
			dependencies = (
			);
			name = Parstagram;
			productName = Parstagram;
			productReference = A86AC0AE223342D800B55D8C /* Parstagram.app */;
			productType = "com.apple.product-type.application";
		};
		A86AC0C1223342D800B55D8C /* ParstagramTests */ = {
			isa = PBXNativeTarget;
			buildConfigurationList = A86AC0D9223342D800B55D8C /* Build configuration list for PBXNativeTarget "ParstagramTests" */;
			buildPhases = (
				77E7504CAF2D2FBF88AB219A /* [CP] Check Pods Manifest.lock */,
				A86AC0BE223342D800B55D8C /* Sources */,
				A86AC0BF223342D800B55D8C /* Frameworks */,
				A86AC0C0223342D800B55D8C /* Resources */,
			);
			buildRules = (
			);
			dependencies = (
				A86AC0C4223342D800B55D8C /* PBXTargetDependency */,
			);
			name = ParstagramTests;
			productName = ParstagramTests;
			productReference = A86AC0C2223342D800B55D8C /* ParstagramTests.xctest */;
			productType = "com.apple.product-type.bundle.unit-test";
		};
		A86AC0CC223342D800B55D8C /* ParstagramUITests */ = {
			isa = PBXNativeTarget;
			buildConfigurationList = A86AC0DC223342D800B55D8C /* Build configuration list for PBXNativeTarget "ParstagramUITests" */;
			buildPhases = (
				19E0FC9CB76BAD7476FE13EE /* [CP] Check Pods Manifest.lock */,
				A86AC0C9223342D800B55D8C /* Sources */,
				A86AC0CA223342D800B55D8C /* Frameworks */,
				A86AC0CB223342D800B55D8C /* Resources */,
			);
			buildRules = (
			);
			dependencies = (
				A86AC0CF223342D800B55D8C /* PBXTargetDependency */,
			);
			name = ParstagramUITests;
			productName = ParstagramUITests;
			productReference = A86AC0CD223342D800B55D8C /* ParstagramUITests.xctest */;
			productType = "com.apple.product-type.bundle.ui-testing";
		};
/* End PBXNativeTarget section */

/* Begin PBXProject section */
		A86AC0A6223342D800B55D8C /* Project object */ = {
			isa = PBXProject;
			attributes = {
				LastSwiftUpdateCheck = 1010;
				LastUpgradeCheck = 1010;
				ORGANIZATIONNAME = "Gregory Jueves Mayo";
				TargetAttributes = {
					A86AC0AD223342D800B55D8C = {
						CreatedOnToolsVersion = 10.1;
					};
					A86AC0C1223342D800B55D8C = {
						CreatedOnToolsVersion = 10.1;
						TestTargetID = A86AC0AD223342D800B55D8C;
					};
					A86AC0CC223342D800B55D8C = {
						CreatedOnToolsVersion = 10.1;
						TestTargetID = A86AC0AD223342D800B55D8C;
					};
				};
			};
			buildConfigurationList = A86AC0A9223342D800B55D8C /* Build configuration list for PBXProject "Parstagram" */;
			compatibilityVersion = "Xcode 9.3";
			developmentRegion = en;
			hasScannedForEncodings = 0;
			knownRegions = (
				en,
				Base,
			);
			mainGroup = A86AC0A5223342D800B55D8C;
			productRefGroup = A86AC0AF223342D800B55D8C /* Products */;
			projectDirPath = "";
			projectRoot = "";
			targets = (
				A86AC0AD223342D800B55D8C /* Parstagram */,
				A86AC0C1223342D800B55D8C /* ParstagramTests */,
				A86AC0CC223342D800B55D8C /* ParstagramUITests */,
			);
		};
/* End PBXProject section */

/* Begin PBXResourcesBuildPhase section */
		A86AC0AC223342D800B55D8C /* Resources */ = {
			isa = PBXResourcesBuildPhase;
			buildActionMask = 2147483647;
			files = (
				A86AC0BC223342D800B55D8C /* LaunchScreen.storyboard in Resources */,
				A86AC0B9223342D800B55D8C /* Assets.xcassets in Resources */,
				A86AC0B7223342D800B55D8C /* Main.storyboard in Resources */,
			);
			runOnlyForDeploymentPostprocessing = 0;
		};
		A86AC0C0223342D800B55D8C /* Resources */ = {
			isa = PBXResourcesBuildPhase;
			buildActionMask = 2147483647;
			files = (
			);
			runOnlyForDeploymentPostprocessing = 0;
		};
		A86AC0CB223342D800B55D8C /* Resources */ = {
			isa = PBXResourcesBuildPhase;
			buildActionMask = 2147483647;
			files = (
			);
			runOnlyForDeploymentPostprocessing = 0;
		};
/* End PBXResourcesBuildPhase section */

/* Begin PBXShellScriptBuildPhase section */
		19E0FC9CB76BAD7476FE13EE /* [CP] Check Pods Manifest.lock */ = {
			isa = PBXShellScriptBuildPhase;
			buildActionMask = 2147483647;
			files = (
			);
			inputFileListPaths = (
			);
			inputPaths = (
				"${PODS_PODFILE_DIR_PATH}/Podfile.lock",
				"${PODS_ROOT}/Manifest.lock",
			);
			name = "[CP] Check Pods Manifest.lock";
			outputFileListPaths = (
			);
			outputPaths = (
				"$(DERIVED_FILE_DIR)/Pods-ParstagramUITests-checkManifestLockResult.txt",
			);
			runOnlyForDeploymentPostprocessing = 0;
			shellPath = /bin/sh;
			shellScript = "diff \"${PODS_PODFILE_DIR_PATH}/Podfile.lock\" \"${PODS_ROOT}/Manifest.lock\" > /dev/null\nif [ $? != 0 ] ; then\n    # print error to STDERR\n    echo \"error: The sandbox is not in sync with the Podfile.lock. Run 'pod install' or update your CocoaPods installation.\" >&2\n    exit 1\nfi\n# This output is used by Xcode 'outputs' to avoid re-running this script phase.\necho \"SUCCESS\" > \"${SCRIPT_OUTPUT_FILE_0}\"\n";
			showEnvVarsInLog = 0;
		};
		478FDE554F0F1E80D7BF865E /* [CP] Embed Pods Frameworks */ = {
			isa = PBXShellScriptBuildPhase;
			buildActionMask = 2147483647;
			files = (
			);
			inputFileListPaths = (
			);
			inputPaths = (
				"${SRCROOT}/Pods/Target Support Files/Pods-Parstagram/Pods-Parstagram-frameworks.sh",
				"${BUILT_PRODUCTS_DIR}/Alamofire/Alamofire.framework",
				"${BUILT_PRODUCTS_DIR}/AlamofireImage/AlamofireImage.framework",
				"${BUILT_PRODUCTS_DIR}/Bolts/Bolts.framework",
				"${BUILT_PRODUCTS_DIR}/Parse/Parse.framework",
			);
			name = "[CP] Embed Pods Frameworks";
			outputFileListPaths = (
			);
			outputPaths = (
				"${TARGET_BUILD_DIR}/${FRAMEWORKS_FOLDER_PATH}/Alamofire.framework",
				"${TARGET_BUILD_DIR}/${FRAMEWORKS_FOLDER_PATH}/AlamofireImage.framework",
				"${TARGET_BUILD_DIR}/${FRAMEWORKS_FOLDER_PATH}/Bolts.framework",
				"${TARGET_BUILD_DIR}/${FRAMEWORKS_FOLDER_PATH}/Parse.framework",
			);
			runOnlyForDeploymentPostprocessing = 0;
			shellPath = /bin/sh;
			shellScript = "\"${SRCROOT}/Pods/Target Support Files/Pods-Parstagram/Pods-Parstagram-frameworks.sh\"\n";
			showEnvVarsInLog = 0;
		};
		77E7504CAF2D2FBF88AB219A /* [CP] Check Pods Manifest.lock */ = {
			isa = PBXShellScriptBuildPhase;
			buildActionMask = 2147483647;
			files = (
			);
			inputFileListPaths = (
			);
			inputPaths = (
				"${PODS_PODFILE_DIR_PATH}/Podfile.lock",
				"${PODS_ROOT}/Manifest.lock",
			);
			name = "[CP] Check Pods Manifest.lock";
			outputFileListPaths = (
			);
			outputPaths = (
				"$(DERIVED_FILE_DIR)/Pods-ParstagramTests-checkManifestLockResult.txt",
			);
			runOnlyForDeploymentPostprocessing = 0;
			shellPath = /bin/sh;
			shellScript = "diff \"${PODS_PODFILE_DIR_PATH}/Podfile.lock\" \"${PODS_ROOT}/Manifest.lock\" > /dev/null\nif [ $? != 0 ] ; then\n    # print error to STDERR\n    echo \"error: The sandbox is not in sync with the Podfile.lock. Run 'pod install' or update your CocoaPods installation.\" >&2\n    exit 1\nfi\n# This output is used by Xcode 'outputs' to avoid re-running this script phase.\necho \"SUCCESS\" > \"${SCRIPT_OUTPUT_FILE_0}\"\n";
			showEnvVarsInLog = 0;
		};
		FE0938AFD49E7F579F741978 /* [CP] Check Pods Manifest.lock */ = {
			isa = PBXShellScriptBuildPhase;
			buildActionMask = 2147483647;
			files = (
			);
			inputFileListPaths = (
			);
			inputPaths = (
				"${PODS_PODFILE_DIR_PATH}/Podfile.lock",
				"${PODS_ROOT}/Manifest.lock",
			);
			name = "[CP] Check Pods Manifest.lock";
			outputFileListPaths = (
			);
			outputPaths = (
				"$(DERIVED_FILE_DIR)/Pods-Parstagram-checkManifestLockResult.txt",
			);
			runOnlyForDeploymentPostprocessing = 0;
			shellPath = /bin/sh;
			shellScript = "diff \"${PODS_PODFILE_DIR_PATH}/Podfile.lock\" \"${PODS_ROOT}/Manifest.lock\" > /dev/null\nif [ $? != 0 ] ; then\n    # print error to STDERR\n    echo \"error: The sandbox is not in sync with the Podfile.lock. Run 'pod install' or update your CocoaPods installation.\" >&2\n    exit 1\nfi\n# This output is used by Xcode 'outputs' to avoid re-running this script phase.\necho \"SUCCESS\" > \"${SCRIPT_OUTPUT_FILE_0}\"\n";
			showEnvVarsInLog = 0;
		};
/* End PBXShellScriptBuildPhase section */

/* Begin PBXSourcesBuildPhase section */
		A86AC0AA223342D800B55D8C /* Sources */ = {
			isa = PBXSourcesBuildPhase;
			buildActionMask = 2147483647;
			files = (
				A8F86D642233702B00DF5AC2 /* LoginViewController.swift in Sources */,
				A8F86D6822347E6E00DF5AC2 /* CameraViewController.swift in Sources */,
				A8F86D662233704A00DF5AC2 /* FeedViewController.swift in Sources */,
				A86AC0B2223342D800B55D8C /* AppDelegate.swift in Sources */,
				A8F86D6A22348D3200DF5AC2 /* PostCell.swift in Sources */,
			);
			runOnlyForDeploymentPostprocessing = 0;
		};
		A86AC0BE223342D800B55D8C /* Sources */ = {
			isa = PBXSourcesBuildPhase;
			buildActionMask = 2147483647;
			files = (
				A86AC0C7223342D800B55D8C /* ParstagramTests.swift in Sources */,
			);
			runOnlyForDeploymentPostprocessing = 0;
		};
		A86AC0C9223342D800B55D8C /* Sources */ = {
			isa = PBXSourcesBuildPhase;
			buildActionMask = 2147483647;
			files = (
				A86AC0D2223342D800B55D8C /* ParstagramUITests.swift in Sources */,
			);
			runOnlyForDeploymentPostprocessing = 0;
		};
/* End PBXSourcesBuildPhase section */

/* Begin PBXTargetDependency section */
		A86AC0C4223342D800B55D8C /* PBXTargetDependency */ = {
			isa = PBXTargetDependency;
			target = A86AC0AD223342D800B55D8C /* Parstagram */;
			targetProxy = A86AC0C3223342D800B55D8C /* PBXContainerItemProxy */;
		};
		A86AC0CF223342D800B55D8C /* PBXTargetDependency */ = {
			isa = PBXTargetDependency;
			target = A86AC0AD223342D800B55D8C /* Parstagram */;
			targetProxy = A86AC0CE223342D800B55D8C /* PBXContainerItemProxy */;
		};
/* End PBXTargetDependency section */

/* Begin PBXVariantGroup section */
		A86AC0B5223342D800B55D8C /* Main.storyboard */ = {
			isa = PBXVariantGroup;
			children = (
				A86AC0B6223342D800B55D8C /* Base */,
			);
			name = Main.storyboard;
			sourceTree = "<group>";
		};
		A86AC0BA223342D800B55D8C /* LaunchScreen.storyboard */ = {
			isa = PBXVariantGroup;
			children = (
				A86AC0BB223342D800B55D8C /* Base */,
			);
			name = LaunchScreen.storyboard;
			sourceTree = "<group>";
		};
/* End PBXVariantGroup section */

/* Begin XCBuildConfiguration section */
		A86AC0D4223342D800B55D8C /* Debug */ = {
			isa = XCBuildConfiguration;
			buildSettings = {
				ALWAYS_SEARCH_USER_PATHS = NO;
				CLANG_ANALYZER_NONNULL = YES;
				CLANG_ANALYZER_NUMBER_OBJECT_CONVERSION = YES_AGGRESSIVE;
				CLANG_CXX_LANGUAGE_STANDARD = "gnu++14";
				CLANG_CXX_LIBRARY = "libc++";
				CLANG_ENABLE_MODULES = YES;
				CLANG_ENABLE_OBJC_ARC = YES;
				CLANG_ENABLE_OBJC_WEAK = YES;
				CLANG_WARN_BLOCK_CAPTURE_AUTORELEASING = YES;
				CLANG_WARN_BOOL_CONVERSION = YES;
				CLANG_WARN_COMMA = YES;
				CLANG_WARN_CONSTANT_CONVERSION = YES;
				CLANG_WARN_DEPRECATED_OBJC_IMPLEMENTATIONS = YES;
				CLANG_WARN_DIRECT_OBJC_ISA_USAGE = YES_ERROR;
				CLANG_WARN_DOCUMENTATION_COMMENTS = YES;
				CLANG_WARN_EMPTY_BODY = YES;
				CLANG_WARN_ENUM_CONVERSION = YES;
				CLANG_WARN_INFINITE_RECURSION = YES;
				CLANG_WARN_INT_CONVERSION = YES;
				CLANG_WARN_NON_LITERAL_NULL_CONVERSION = YES;
				CLANG_WARN_OBJC_IMPLICIT_RETAIN_SELF = YES;
				CLANG_WARN_OBJC_LITERAL_CONVERSION = YES;
				CLANG_WARN_OBJC_ROOT_CLASS = YES_ERROR;
				CLANG_WARN_RANGE_LOOP_ANALYSIS = YES;
				CLANG_WARN_STRICT_PROTOTYPES = YES;
				CLANG_WARN_SUSPICIOUS_MOVE = YES;
				CLANG_WARN_UNGUARDED_AVAILABILITY = YES_AGGRESSIVE;
				CLANG_WARN_UNREACHABLE_CODE = YES;
				CLANG_WARN__DUPLICATE_METHOD_MATCH = YES;
				CODE_SIGN_IDENTITY = "iPhone Developer";
				COPY_PHASE_STRIP = NO;
				DEBUG_INFORMATION_FORMAT = dwarf;
				ENABLE_STRICT_OBJC_MSGSEND = YES;
				ENABLE_TESTABILITY = YES;
				GCC_C_LANGUAGE_STANDARD = gnu11;
				GCC_DYNAMIC_NO_PIC = NO;
				GCC_NO_COMMON_BLOCKS = YES;
				GCC_OPTIMIZATION_LEVEL = 0;
				GCC_PREPROCESSOR_DEFINITIONS = (
					"DEBUG=1",
					"$(inherited)",
				);
				GCC_WARN_64_TO_32_BIT_CONVERSION = YES;
				GCC_WARN_ABOUT_RETURN_TYPE = YES_ERROR;
				GCC_WARN_UNDECLARED_SELECTOR = YES;
				GCC_WARN_UNINITIALIZED_AUTOS = YES_AGGRESSIVE;
				GCC_WARN_UNUSED_FUNCTION = YES;
				GCC_WARN_UNUSED_VARIABLE = YES;
				IPHONEOS_DEPLOYMENT_TARGET = 12.1;
				MTL_ENABLE_DEBUG_INFO = INCLUDE_SOURCE;
				MTL_FAST_MATH = YES;
				ONLY_ACTIVE_ARCH = YES;
				SDKROOT = iphoneos;
				SWIFT_ACTIVE_COMPILATION_CONDITIONS = DEBUG;
				SWIFT_OPTIMIZATION_LEVEL = "-Onone";
			};
			name = Debug;
		};
		A86AC0D5223342D800B55D8C /* Release */ = {
			isa = XCBuildConfiguration;
			buildSettings = {
				ALWAYS_SEARCH_USER_PATHS = NO;
				CLANG_ANALYZER_NONNULL = YES;
				CLANG_ANALYZER_NUMBER_OBJECT_CONVERSION = YES_AGGRESSIVE;
				CLANG_CXX_LANGUAGE_STANDARD = "gnu++14";
				CLANG_CXX_LIBRARY = "libc++";
				CLANG_ENABLE_MODULES = YES;
				CLANG_ENABLE_OBJC_ARC = YES;
				CLANG_ENABLE_OBJC_WEAK = YES;
				CLANG_WARN_BLOCK_CAPTURE_AUTORELEASING = YES;
				CLANG_WARN_BOOL_CONVERSION = YES;
				CLANG_WARN_COMMA = YES;
				CLANG_WARN_CONSTANT_CONVERSION = YES;
				CLANG_WARN_DEPRECATED_OBJC_IMPLEMENTATIONS = YES;
				CLANG_WARN_DIRECT_OBJC_ISA_USAGE = YES_ERROR;
				CLANG_WARN_DOCUMENTATION_COMMENTS = YES;
				CLANG_WARN_EMPTY_BODY = YES;
				CLANG_WARN_ENUM_CONVERSION = YES;
				CLANG_WARN_INFINITE_RECURSION = YES;
				CLANG_WARN_INT_CONVERSION = YES;
				CLANG_WARN_NON_LITERAL_NULL_CONVERSION = YES;
				CLANG_WARN_OBJC_IMPLICIT_RETAIN_SELF = YES;
				CLANG_WARN_OBJC_LITERAL_CONVERSION = YES;
				CLANG_WARN_OBJC_ROOT_CLASS = YES_ERROR;
				CLANG_WARN_RANGE_LOOP_ANALYSIS = YES;
				CLANG_WARN_STRICT_PROTOTYPES = YES;
				CLANG_WARN_SUSPICIOUS_MOVE = YES;
				CLANG_WARN_UNGUARDED_AVAILABILITY = YES_AGGRESSIVE;
				CLANG_WARN_UNREACHABLE_CODE = YES;
				CLANG_WARN__DUPLICATE_METHOD_MATCH = YES;
				CODE_SIGN_IDENTITY = "iPhone Developer";
				COPY_PHASE_STRIP = NO;
				DEBUG_INFORMATION_FORMAT = "dwarf-with-dsym";
				ENABLE_NS_ASSERTIONS = NO;
				ENABLE_STRICT_OBJC_MSGSEND = YES;
				GCC_C_LANGUAGE_STANDARD = gnu11;
				GCC_NO_COMMON_BLOCKS = YES;
				GCC_WARN_64_TO_32_BIT_CONVERSION = YES;
				GCC_WARN_ABOUT_RETURN_TYPE = YES_ERROR;
				GCC_WARN_UNDECLARED_SELECTOR = YES;
				GCC_WARN_UNINITIALIZED_AUTOS = YES_AGGRESSIVE;
				GCC_WARN_UNUSED_FUNCTION = YES;
				GCC_WARN_UNUSED_VARIABLE = YES;
				IPHONEOS_DEPLOYMENT_TARGET = 12.1;
				MTL_ENABLE_DEBUG_INFO = NO;
				MTL_FAST_MATH = YES;
				SDKROOT = iphoneos;
				SWIFT_COMPILATION_MODE = wholemodule;
				SWIFT_OPTIMIZATION_LEVEL = "-O";
				VALIDATE_PRODUCT = YES;
			};
			name = Release;
		};
		A86AC0D7223342D800B55D8C /* Debug */ = {
			isa = XCBuildConfiguration;
			baseConfigurationReference = C2D67C2553C6C31A082EEC4E /* Pods-Parstagram.debug.xcconfig */;
			buildSettings = {
				ASSETCATALOG_COMPILER_APPICON_NAME = AppIcon;
				CODE_SIGN_STYLE = Automatic;
				INFOPLIST_FILE = Parstagram/Info.plist;
				LD_RUNPATH_SEARCH_PATHS = (
					"$(inherited)",
					"@executable_path/Frameworks",
				);
				PRODUCT_BUNDLE_IDENTIFIER = com.codepath.Parstagram;
				PRODUCT_NAME = "$(TARGET_NAME)";
				SWIFT_VERSION = 4.2;
				TARGETED_DEVICE_FAMILY = "1,2";
			};
			name = Debug;
		};
		A86AC0D8223342D800B55D8C /* Release */ = {
			isa = XCBuildConfiguration;
			baseConfigurationReference = 274940EE81FD9BEEA9113201 /* Pods-Parstagram.release.xcconfig */;
			buildSettings = {
				ASSETCATALOG_COMPILER_APPICON_NAME = AppIcon;
				CODE_SIGN_STYLE = Automatic;
				INFOPLIST_FILE = Parstagram/Info.plist;
				LD_RUNPATH_SEARCH_PATHS = (
					"$(inherited)",
					"@executable_path/Frameworks",
				);
				PRODUCT_BUNDLE_IDENTIFIER = com.codepath.Parstagram;
				PRODUCT_NAME = "$(TARGET_NAME)";
				SWIFT_VERSION = 4.2;
				TARGETED_DEVICE_FAMILY = "1,2";
			};
			name = Release;
		};
		A86AC0DA223342D800B55D8C /* Debug */ = {
			isa = XCBuildConfiguration;
			baseConfigurationReference = 550770FA8B4164BD98D59415 /* Pods-ParstagramTests.debug.xcconfig */;
			buildSettings = {
				ALWAYS_EMBED_SWIFT_STANDARD_LIBRARIES = YES;
				BUNDLE_LOADER = "$(TEST_HOST)";
				CODE_SIGN_STYLE = Automatic;
				INFOPLIST_FILE = ParstagramTests/Info.plist;
				LD_RUNPATH_SEARCH_PATHS = (
					"$(inherited)",
					"@executable_path/Frameworks",
					"@loader_path/Frameworks",
				);
				PRODUCT_BUNDLE_IDENTIFIER = com.codepath.ParstagramTests;
				PRODUCT_NAME = "$(TARGET_NAME)";
				SWIFT_VERSION = 4.2;
				TARGETED_DEVICE_FAMILY = "1,2";
				TEST_HOST = "$(BUILT_PRODUCTS_DIR)/Parstagram.app/Parstagram";
			};
			name = Debug;
		};
		A86AC0DB223342D800B55D8C /* Release */ = {
			isa = XCBuildConfiguration;
			baseConfigurationReference = E4C0797E3394348B9EB63479 /* Pods-ParstagramTests.release.xcconfig */;
			buildSettings = {
				ALWAYS_EMBED_SWIFT_STANDARD_LIBRARIES = YES;
				BUNDLE_LOADER = "$(TEST_HOST)";
				CODE_SIGN_STYLE = Automatic;
				INFOPLIST_FILE = ParstagramTests/Info.plist;
				LD_RUNPATH_SEARCH_PATHS = (
					"$(inherited)",
					"@executable_path/Frameworks",
					"@loader_path/Frameworks",
				);
				PRODUCT_BUNDLE_IDENTIFIER = com.codepath.ParstagramTests;
				PRODUCT_NAME = "$(TARGET_NAME)";
				SWIFT_VERSION = 4.2;
				TARGETED_DEVICE_FAMILY = "1,2";
				TEST_HOST = "$(BUILT_PRODUCTS_DIR)/Parstagram.app/Parstagram";
			};
			name = Release;
		};
		A86AC0DD223342D800B55D8C /* Debug */ = {
			isa = XCBuildConfiguration;
			baseConfigurationReference = A7ED517E58D73978C25FC121 /* Pods-ParstagramUITests.debug.xcconfig */;
			buildSettings = {
				ALWAYS_EMBED_SWIFT_STANDARD_LIBRARIES = YES;
				CODE_SIGN_STYLE = Automatic;
				INFOPLIST_FILE = ParstagramUITests/Info.plist;
				LD_RUNPATH_SEARCH_PATHS = (
					"$(inherited)",
					"@executable_path/Frameworks",
					"@loader_path/Frameworks",
				);
				PRODUCT_BUNDLE_IDENTIFIER = com.codepath.ParstagramUITests;
				PRODUCT_NAME = "$(TARGET_NAME)";
				SWIFT_VERSION = 4.2;
				TARGETED_DEVICE_FAMILY = "1,2";
				TEST_TARGET_NAME = Parstagram;
			};
			name = Debug;
		};
		A86AC0DE223342D800B55D8C /* Release */ = {
			isa = XCBuildConfiguration;
			baseConfigurationReference = EEB52F84C3BAA0B806BABD1C /* Pods-ParstagramUITests.release.xcconfig */;
			buildSettings = {
				ALWAYS_EMBED_SWIFT_STANDARD_LIBRARIES = YES;
				CODE_SIGN_STYLE = Automatic;
				INFOPLIST_FILE = ParstagramUITests/Info.plist;
				LD_RUNPATH_SEARCH_PATHS = (
					"$(inherited)",
					"@executable_path/Frameworks",
					"@loader_path/Frameworks",
				);
				PRODUCT_BUNDLE_IDENTIFIER = com.codepath.ParstagramUITests;
				PRODUCT_NAME = "$(TARGET_NAME)";
				SWIFT_VERSION = 4.2;
				TARGETED_DEVICE_FAMILY = "1,2";
				TEST_TARGET_NAME = Parstagram;
			};
			name = Release;
		};
/* End XCBuildConfiguration section */

/* Begin XCConfigurationList section */
		A86AC0A9223342D800B55D8C /* Build configuration list for PBXProject "Parstagram" */ = {
			isa = XCConfigurationList;
			buildConfigurations = (
				A86AC0D4223342D800B55D8C /* Debug */,
				A86AC0D5223342D800B55D8C /* Release */,
			);
			defaultConfigurationIsVisible = 0;
			defaultConfigurationName = Release;
		};
		A86AC0D6223342D800B55D8C /* Build configuration list for PBXNativeTarget "Parstagram" */ = {
			isa = XCConfigurationList;
			buildConfigurations = (
				A86AC0D7223342D800B55D8C /* Debug */,
				A86AC0D8223342D800B55D8C /* Release */,
			);
			defaultConfigurationIsVisible = 0;
			defaultConfigurationName = Release;
		};
		A86AC0D9223342D800B55D8C /* Build configuration list for PBXNativeTarget "ParstagramTests" */ = {
			isa = XCConfigurationList;
			buildConfigurations = (
				A86AC0DA223342D800B55D8C /* Debug */,
				A86AC0DB223342D800B55D8C /* Release */,
			);
			defaultConfigurationIsVisible = 0;
			defaultConfigurationName = Release;
		};
		A86AC0DC223342D800B55D8C /* Build configuration list for PBXNativeTarget "ParstagramUITests" */ = {
			isa = XCConfigurationList;
			buildConfigurations = (
				A86AC0DD223342D800B55D8C /* Debug */,
				A86AC0DE223342D800B55D8C /* Release */,
			);
			defaultConfigurationIsVisible = 0;
			defaultConfigurationName = Release;
		};
/* End XCConfigurationList section */
	};
	rootObject = A86AC0A6223342D800B55D8C /* Project object */;
}
